
Microsoft Visual Studio Solution File, Format Version 12.00
# Visual Studio 2012
Project("{FAE04EC0-301F-11D3-BF4B-00C04F79EFBC}") = "GameOfLifeStage1", "GameOfLifeStage1.csproj", "{F4107138-A48D-4216-B48B-F0B08E2F5659}"
EndProject
Project("{FAE04EC0-301F-11D3-BF4B-00C04F79EFBC}") = "GameOflifeStage1.Business", "..\GameOflifeStage1.Business\GameOflifeStage1.Business.csproj", "{83E3941C-5C82-43F2-A578-99A9223EA7E3}"
EndProject
Project("{FAE04EC0-301F-11D3-BF4B-00C04F79EFBC}") = "GameOfLifeStage1.Business.Test", "GameOfLifeStage1.Business.Test\GameOfLifeStage1.Business.Test.csproj", "{CFA5B5F8-4ACB-41B7-930F-1DDBEF1D31F9}"
EndProject
Global
	GlobalSection(SolutionConfigurationPlatforms) = preSolution
		Debug|Any CPU = Debug|Any CPU
		Release|Any CPU = Release|Any CPU
	EndGlobalSection
	GlobalSection(ProjectConfigurationPlatforms) = postSolution
		{F4107138-A48D-4216-B48B-F0B08E2F5659}.Debug|Any CPU.ActiveCfg = Debug|Any CPU
		{F4107138-A48D-4216-B48B-F0B08E2F5659}.Debug|Any CPU.Build.0 = Debug|Any CPU
		{F4107138-A48D-4216-B48B-F0B08E2F5659}.Release|Any CPU.ActiveCfg = Release|Any CPU
		{F4107138-A48D-4216-B48B-F0B08E2F5659}.Release|Any CPU.Build.0 = Release|Any CPU
		{83E3941C-5C82-43F2-A578-99A9223EA7E3}.Debug|Any CPU.ActiveCfg = Debug|Any CPU
		{83E3941C-5C82-43F2-A578-99A9223EA7E3}.Debug|Any CPU.Build.0 = Debug|Any CPU
		{83E3941C-5C82-43F2-A578-99A9223EA7E3}.Release|Any CPU.ActiveCfg = Release|Any CPU
		{83E3941C-5C82-43F2-A578-99A9223EA7E3}.Release|Any CPU.Build.0 = Release|Any CPU
		{CFA5B5F8-4ACB-41B7-930F-1DDBEF1D31F9}.Debug|Any CPU.ActiveCfg = Debug|Any CPU
		{CFA5B5F8-4ACB-41B7-930F-1DDBEF1D31F9}.Debug|Any CPU.Build.0 = Debug|Any CPU
		{CFA5B5F8-4ACB-41B7-930F-1DDBEF1D31F9}.Release|Any CPU.ActiveCfg = Release|Any CPU
		{CFA5B5F8-4ACB-41B7-930F-1DDBEF1D31F9}.Release|Any CPU.Build.0 = Release|Any CPU
	EndGlobalSection
	GlobalSection(SolutionProperties) = preSolution
		HideSolutionNode = FALSE
	EndGlobalSection
EndGlobal
